
Microsoft Visual Studio Solution File, Format Version 12.00
Project("{FAE04EC0-301F-11D3-BF4B-00C04F79EFBC}") = "Mentor4U_Avalonia", "Mentor4U_Avalonia\Mentor4U_Avalonia.csproj", "{9D7F6828-364F-448A-8FCE-21C123631D92}"
EndProject
Project("{FAE04EC0-301F-11D3-BF4B-00C04F79EFBC}") = "Mentor4U_Avalonia.Models", "Mentor4U_Avalonia.Models\Mentor4U_Avalonia.Models.csproj", "{7CB36815-AED3-4504-B1BA-C9AB006F32B7}"
EndProject
Project("{FAE04EC0-301F-11D3-BF4B-00C04F79EFBC}") = "Mentor4U_Avalonia.DAL", "Mentor4U_Avalonia.DAL\Mentor4U_Avalonia.DAL.csproj", "{2994820E-98E0-4B14-A5A9-16ECDA8F1985}"
EndProject
Project("{FAE04EC0-301F-11D3-BF4B-00C04F79EFBC}") = "Mentor4U_Avalonia.DAL.Test", "Mentor4U_Avalonia.DAL.Test\Mentor4U_Avalonia.DAL.Test.csproj", "{AB8F288F-1602-4A98-B90C-41685565C480}"
EndProject
Project("{FAE04EC0-301F-11D3-BF4B-00C04F79EFBC}") = "Mentor4U_Avalonia.BLL", "Mentor4U_Avalonia.BLL\Mentor4U_Avalonia.BLL.csproj", "{4FE5C927-1157-4191-A226-742EDB440257}"
EndProject
Project("{FAE04EC0-301F-11D3-BF4B-00C04F79EFBC}") = "Mentor4U_Avalonia.BLL.Test", "Mentor4U_Avalonia.BLL.Test\Mentor4U_Avalonia.BLL.Test.csproj", "{05FEC687-C6B8-48E0-BE96-38572D5FE030}"
EndProject
Project("{FAE04EC0-301F-11D3-BF4B-00C04F79EFBC}") = "Mentor4U_Avalonia.Components", "Mentor4U_Avalonia.Components\Mentor4U_Avalonia.Components.csproj", "{32245621-53C8-40D3-AD96-13AABF8C1580}"
EndProject
Global
	GlobalSection(SolutionConfigurationPlatforms) = preSolution
		Debug|Any CPU = Debug|Any CPU
		Release|Any CPU = Release|Any CPU
	EndGlobalSection
	GlobalSection(ProjectConfigurationPlatforms) = postSolution
		{9D7F6828-364F-448A-8FCE-21C123631D92}.Debug|Any CPU.ActiveCfg = Debug|Any CPU
		{9D7F6828-364F-448A-8FCE-21C123631D92}.Debug|Any CPU.Build.0 = Debug|Any CPU
		{9D7F6828-364F-448A-8FCE-21C123631D92}.Release|Any CPU.ActiveCfg = Release|Any CPU
		{9D7F6828-364F-448A-8FCE-21C123631D92}.Release|Any CPU.Build.0 = Release|Any CPU
		{7CB36815-AED3-4504-B1BA-C9AB006F32B7}.Debug|Any CPU.ActiveCfg = Debug|Any CPU
		{7CB36815-AED3-4504-B1BA-C9AB006F32B7}.Debug|Any CPU.Build.0 = Debug|Any CPU
		{7CB36815-AED3-4504-B1BA-C9AB006F32B7}.Release|Any CPU.ActiveCfg = Release|Any CPU
		{7CB36815-AED3-4504-B1BA-C9AB006F32B7}.Release|Any CPU.Build.0 = Release|Any CPU
		{2994820E-98E0-4B14-A5A9-16ECDA8F1985}.Debug|Any CPU.ActiveCfg = Debug|Any CPU
		{2994820E-98E0-4B14-A5A9-16ECDA8F1985}.Debug|Any CPU.Build.0 = Debug|Any CPU
		{2994820E-98E0-4B14-A5A9-16ECDA8F1985}.Release|Any CPU.ActiveCfg = Release|Any CPU
		{2994820E-98E0-4B14-A5A9-16ECDA8F1985}.Release|Any CPU.Build.0 = Release|Any CPU
		{AB8F288F-1602-4A98-B90C-41685565C480}.Debug|Any CPU.ActiveCfg = Debug|Any CPU
		{AB8F288F-1602-4A98-B90C-41685565C480}.Debug|Any CPU.Build.0 = Debug|Any CPU
		{AB8F288F-1602-4A98-B90C-41685565C480}.Release|Any CPU.ActiveCfg = Release|Any CPU
		{AB8F288F-1602-4A98-B90C-41685565C480}.Release|Any CPU.Build.0 = Release|Any CPU
		{4FE5C927-1157-4191-A226-742EDB440257}.Debug|Any CPU.ActiveCfg = Debug|Any CPU
		{4FE5C927-1157-4191-A226-742EDB440257}.Debug|Any CPU.Build.0 = Debug|Any CPU
		{4FE5C927-1157-4191-A226-742EDB440257}.Release|Any CPU.ActiveCfg = Release|Any CPU
		{4FE5C927-1157-4191-A226-742EDB440257}.Release|Any CPU.Build.0 = Release|Any CPU
		{05FEC687-C6B8-48E0-BE96-38572D5FE030}.Debug|Any CPU.ActiveCfg = Debug|Any CPU
		{05FEC687-C6B8-48E0-BE96-38572D5FE030}.Debug|Any CPU.Build.0 = Debug|Any CPU
		{05FEC687-C6B8-48E0-BE96-38572D5FE030}.Release|Any CPU.ActiveCfg = Release|Any CPU
		{05FEC687-C6B8-48E0-BE96-38572D5FE030}.Release|Any CPU.Build.0 = Release|Any CPU
		{32245621-53C8-40D3-AD96-13AABF8C1580}.Debug|Any CPU.ActiveCfg = Debug|Any CPU
		{32245621-53C8-40D3-AD96-13AABF8C1580}.Debug|Any CPU.Build.0 = Debug|Any CPU
		{32245621-53C8-40D3-AD96-13AABF8C1580}.Release|Any CPU.ActiveCfg = Release|Any CPU
		{32245621-53C8-40D3-AD96-13AABF8C1580}.Release|Any CPU.Build.0 = Release|Any CPU
	EndGlobalSection
EndGlobal
